// !$*UTF8*$!
{
	archiveVersion = 1;
	classes = {
	};
	objectVersion = 48;
	objects = {

/* Begin PBXBuildFile section */
		D67139C42087C47000AAD735 /* AppDelegate.swift in Sources */ = {isa = PBXBuildFile; fileRef = D67139C32087C47000AAD735 /* AppDelegate.swift */; };
		D67139C62087C47000AAD735 /* ViewController.swift in Sources */ = {isa = PBXBuildFile; fileRef = D67139C52087C47000AAD735 /* ViewController.swift */; };
		D67139C92087C47000AAD735 /* Main.storyboard in Resources */ = {isa = PBXBuildFile; fileRef = D67139C72087C47000AAD735 /* Main.storyboard */; };
		D67139CB2087C47000AAD735 /* Assets.xcassets in Resources */ = {isa = PBXBuildFile; fileRef = D67139CA2087C47000AAD735 /* Assets.xcassets */; };
		D67139CE2087C47000AAD735 /* LaunchScreen.storyboard in Resources */ = {isa = PBXBuildFile; fileRef = D67139CC2087C47000AAD735 /* LaunchScreen.storyboard */; };
		D67139D92087C47000AAD735 /* RandomTests.swift in Sources */ = {isa = PBXBuildFile; fileRef = D67139D82087C47000AAD735 /* RandomTests.swift */; };
		D67139E42087C49500AAD735 /* Random.swift in Sources */ = {isa = PBXBuildFile; fileRef = D67139E32087C49500AAD735 /* Random.swift */; };
/* End PBXBuildFile section */

/* Begin PBXContainerItemProxy section */
		D67139D52087C47000AAD735 /* PBXContainerItemProxy */ = {
			isa = PBXContainerItemProxy;
			containerPortal = D67139B82087C47000AAD735 /* Project object */;
			proxyType = 1;
			remoteGlobalIDString = D67139BF2087C47000AAD735;
			remoteInfo = Random;
		};
/* End PBXContainerItemProxy section */

/* Begin PBXFileReference section */
		D67139C02087C47000AAD735 /* Random.app */ = {isa = PBXFileReference; explicitFileType = wrapper.application; includeInIndex = 0; path = Random.app; sourceTree = BUILT_PRODUCTS_DIR; };
		D67139C32087C47000AAD735 /* AppDelegate.swift */ = {isa = PBXFileReference; lastKnownFileType = sourcecode.swift; path = AppDelegate.swift; sourceTree = "<group>"; };
		D67139C52087C47000AAD735 /* ViewController.swift */ = {isa = PBXFileReference; lastKnownFileType = sourcecode.swift; path = ViewController.swift; sourceTree = "<group>"; };
		D67139C82087C47000AAD735 /* Base */ = {isa = PBXFileReference; lastKnownFileType = file.storyboard; name = Base; path = Base.lproj/Main.storyboard; sourceTree = "<group>"; };
		D67139CA2087C47000AAD735 /* Assets.xcassets */ = {isa = PBXFileReference; lastKnownFileType = folder.assetcatalog; path = Assets.xcassets; sourceTree = "<group>"; };
		D67139CD2087C47000AAD735 /* Base */ = {isa = PBXFileReference; lastKnownFileType = file.storyboard; name = Base; path = Base.lproj/LaunchScreen.storyboard; sourceTree = "<group>"; };
		D67139CF2087C47000AAD735 /* Info.plist */ = {isa = PBXFileReference; lastKnownFileType = text.plist.xml; path = Info.plist; sourceTree = "<group>"; };
		D67139D42087C47000AAD735 /* RandomTests.xctest */ = {isa = PBXFileReference; explicitFileType = wrapper.cfbundle; includeInIndex = 0; path = RandomTests.xctest; sourceTree = BUILT_PRODUCTS_DIR; };
		D67139D82087C47000AAD735 /* RandomTests.swift */ = {isa = PBXFileReference; lastKnownFileType = sourcecode.swift; path = RandomTests.swift; sourceTree = "<group>"; };
		D67139DA2087C47000AAD735 /* Info.plist */ = {isa = PBXFileReference; lastKnownFileType = text.plist.xml; path = Info.plist; sourceTree = "<group>"; };
		D67139E32087C49500AAD735 /* Random.swift */ = {isa = PBXFileReference; lastKnownFileType = sourcecode.swift; path = Random.swift; sourceTree = "<group>"; };
/* End PBXFileReference section */

/* Begin PBXFrameworksBuildPhase section */
		D67139BD2087C47000AAD735 /* Frameworks */ = {
			isa = PBXFrameworksBuildPhase;
			buildActionMask = 2147483647;
			files = (
			);
			runOnlyForDeploymentPostprocessing = 0;
		};
		D67139D12087C47000AAD735 /* Frameworks */ = {
			isa = PBXFrameworksBuildPhase;
			buildActionMask = 2147483647;
			files = (
			);
			runOnlyForDeploymentPostprocessing = 0;
		};
/* End PBXFrameworksBuildPhase section */

/* Begin PBXGroup section */
		D67139B72087C47000AAD735 = {
			isa = PBXGroup;
			children = (
				D67139C22087C47000AAD735 /* Random */,
				D67139D72087C47000AAD735 /* RandomTests */,
				D67139C12087C47000AAD735 /* Products */,
			);
			sourceTree = "<group>";
		};
		D67139C12087C47000AAD735 /* Products */ = {
			isa = PBXGroup;
			children = (
				D67139C02087C47000AAD735 /* Random.app */,
				D67139D42087C47000AAD735 /* RandomTests.xctest */,
			);
			name = Products;
			sourceTree = "<group>";
		};
		D67139C22087C47000AAD735 /* Random */ = {
			isa = PBXGroup;
			children = (
				D67139C32087C47000AAD735 /* AppDelegate.swift */,
				D67139E32087C49500AAD735 /* Random.swift */,
				D67139C52087C47000AAD735 /* ViewController.swift */,
				D67139C72087C47000AAD735 /* Main.storyboard */,
				D67139CA2087C47000AAD735 /* Assets.xcassets */,
				D67139CC2087C47000AAD735 /* LaunchScreen.storyboard */,
				D67139CF2087C47000AAD735 /* Info.plist */,
			);
			path = Random;
			sourceTree = "<group>";
		};
		D67139D72087C47000AAD735 /* RandomTests */ = {
			isa = PBXGroup;
			children = (
				D67139D82087C47000AAD735 /* RandomTests.swift */,
				D67139DA2087C47000AAD735 /* Info.plist */,
			);
			path = RandomTests;
			sourceTree = "<group>";
		};
/* End PBXGroup section */

/* Begin PBXNativeTarget section */
		D67139BF2087C47000AAD735 /* Random */ = {
			isa = PBXNativeTarget;
			buildConfigurationList = D67139DD2087C47000AAD735 /* Build configuration list for PBXNativeTarget "Random" */;
			buildPhases = (
				D67139BC2087C47000AAD735 /* Sources */,
				D67139BD2087C47000AAD735 /* Frameworks */,
				D67139BE2087C47000AAD735 /* Resources */,
			);
			buildRules = (
			);
			dependencies = (
			);
			name = Random;
			productName = Random;
			productReference = D67139C02087C47000AAD735 /* Random.app */;
			productType = "com.apple.product-type.application";
		};
		D67139D32087C47000AAD735 /* RandomTests */ = {
			isa = PBXNativeTarget;
			buildConfigurationList = D67139E02087C47000AAD735 /* Build configuration list for PBXNativeTarget "RandomTests" */;
			buildPhases = (
				D67139D02087C47000AAD735 /* Sources */,
				D67139D12087C47000AAD735 /* Frameworks */,
				D67139D22087C47000AAD735 /* Resources */,
			);
			buildRules = (
			);
			dependencies = (
				D67139D62087C47000AAD735 /* PBXTargetDependency */,
			);
			name = RandomTests;
			productName = RandomTests;
			productReference = D67139D42087C47000AAD735 /* RandomTests.xctest */;
			productType = "com.apple.product-type.bundle.unit-test";
		};
/* End PBXNativeTarget section */

/* Begin PBXProject section */
		D67139B82087C47000AAD735 /* Project object */ = {
			isa = PBXProject;
			attributes = {
				LastSwiftUpdateCheck = 0920;
				LastUpgradeCheck = 0920;
				ORGANIZATIONNAME = HypeVR;
				TargetAttributes = {
					D67139BF2087C47000AAD735 = {
						CreatedOnToolsVersion = 9.2;
						ProvisioningStyle = Automatic;
					};
					D67139D32087C47000AAD735 = {
						CreatedOnToolsVersion = 9.2;
						ProvisioningStyle = Automatic;
						TestTargetID = D67139BF2087C47000AAD735;
					};
				};
			};
			buildConfigurationList = D67139BB2087C47000AAD735 /* Build configuration list for PBXProject "Random" */;
			compatibilityVersion = "Xcode 8.0";
			developmentRegion = en;
			hasScannedForEncodings = 0;
			knownRegions = (
				en,
				Base,
			);
			mainGroup = D67139B72087C47000AAD735;
			productRefGroup = D67139C12087C47000AAD735 /* Products */;
			projectDirPath = "";
			projectRoot = "";
			targets = (
				D67139BF2087C47000AAD735 /* Random */,
				D67139D32087C47000AAD735 /* RandomTests */,
			);
		};
/* End PBXProject section */

/* Begin PBXResourcesBuildPhase section */
		D67139BE2087C47000AAD735 /* Resources */ = {
			isa = PBXResourcesBuildPhase;
			buildActionMask = 2147483647;
			files = (
				D67139CE2087C47000AAD735 /* LaunchScreen.storyboard in Resources */,
				D67139CB2087C47000AAD735 /* Assets.xcassets in Resources */,
				D67139C92087C47000AAD735 /* Main.storyboard in Resources */,
			);
			runOnlyForDeploymentPostprocessing = 0;
		};
		D67139D22087C47000AAD735 /* Resources */ = {
			isa = PBXResourcesBuildPhase;
			buildActionMask = 2147483647;
			files = (
			);
			runOnlyForDeploymentPostprocessing = 0;
		};
/* End PBXResourcesBuildPhase section */

/* Begin PBXSourcesBuildPhase section */
		D67139BC2087C47000AAD735 /* Sources */ = {
			isa = PBXSourcesBuildPhase;
			buildActionMask = 2147483647;
			files = (
				D67139C62087C47000AAD735 /* ViewController.swift in Sources */,
				D67139C42087C47000AAD735 /* AppDelegate.swift in Sources */,
				D67139E42087C49500AAD735 /* Random.swift in Sources */,
			);
			runOnlyForDeploymentPostprocessing = 0;
		};
		D67139D02087C47000AAD735 /* Sources */ = {
			isa = PBXSourcesBuildPhase;
			buildActionMask = 2147483647;
			files = (
				D67139D92087C47000AAD735 /* RandomTests.swift in Sources */,
			);
			runOnlyForDeploymentPostprocessing = 0;
		};
/* End PBXSourcesBuildPhase section */

/* Begin PBXTargetDependency section */
		D67139D62087C47000AAD735 /* PBXTargetDependency */ = {
			isa = PBXTargetDependency;
			target = D67139BF2087C47000AAD735 /* Random */;
			targetProxy = D67139D52087C47000AAD735 /* PBXContainerItemProxy */;
		};
/* End PBXTargetDependency section */

/* Begin PBXVariantGroup section */
		D67139C72087C47000AAD735 /* Main.storyboard */ = {
			isa = PBXVariantGroup;
			children = (
				D67139C82087C47000AAD735 /* Base */,
			);
			name = Main.storyboard;
			sourceTree = "<group>";
		};
		D67139CC2087C47000AAD735 /* LaunchScreen.storyboard */ = {
			isa = PBXVariantGroup;
			children = (
				D67139CD2087C47000AAD735 /* Base */,
			);
			name = LaunchScreen.storyboard;
			sourceTree = "<group>";
		};
/* End PBXVariantGroup section */

/* Begin XCBuildConfiguration section */
		D67139DB2087C47000AAD735 /* Debug */ = {
			isa = XCBuildConfiguration;
			buildSettings = {
				ALWAYS_SEARCH_USER_PATHS = NO;
				CLANG_ANALYZER_NONNULL = YES;
				CLANG_ANALYZER_NUMBER_OBJECT_CONVERSION = YES_AGGRESSIVE;
				CLANG_CXX_LANGUAGE_STANDARD = "gnu++14";
				CLANG_CXX_LIBRARY = "libc++";
				CLANG_ENABLE_MODULES = YES;
				CLANG_ENABLE_OBJC_ARC = YES;
				CLANG_WARN_BLOCK_CAPTURE_AUTORELEASING = YES;
				CLANG_WARN_BOOL_CONVERSION = YES;
				CLANG_WARN_COMMA = YES;
				CLANG_WARN_CONSTANT_CONVERSION = YES;
				CLANG_WARN_DIRECT_OBJC_ISA_USAGE = YES_ERROR;
				CLANG_WARN_DOCUMENTATION_COMMENTS = YES;
				CLANG_WARN_EMPTY_BODY = YES;
				CLANG_WARN_ENUM_CONVERSION = YES;
				CLANG_WARN_INFINITE_RECURSION = YES;
				CLANG_WARN_INT_CONVERSION = YES;
				CLANG_WARN_NON_LITERAL_NULL_CONVERSION = YES;
				CLANG_WARN_OBJC_LITERAL_CONVERSION = YES;
				CLANG_WARN_OBJC_ROOT_CLASS = YES_ERROR;
				CLANG_WARN_RANGE_LOOP_ANALYSIS = YES;
				CLANG_WARN_STRICT_PROTOTYPES = YES;
				CLANG_WARN_SUSPICIOUS_MOVE = YES;
				CLANG_WARN_UNGUARDED_AVAILABILITY = YES_AGGRESSIVE;
				CLANG_WARN_UNREACHABLE_CODE = YES;
				CLANG_WARN__DUPLICATE_METHOD_MATCH = YES;
				CODE_SIGN_IDENTITY = "iPhone Developer";
				COPY_PHASE_STRIP = NO;
				DEBUG_INFORMATION_FORMAT = dwarf;
				ENABLE_STRICT_OBJC_MSGSEND = YES;
				ENABLE_TESTABILITY = YES;
				GCC_C_LANGUAGE_STANDARD = gnu11;
				GCC_DYNAMIC_NO_PIC = NO;
				GCC_NO_COMMON_BLOCKS = YES;
				GCC_OPTIMIZATION_LEVEL = 0;
				GCC_PREPROCESSOR_DEFINITIONS = (
					"DEBUG=1",
					"$(inherited)",
				);
				GCC_WARN_64_TO_32_BIT_CONVERSION = YES;
				GCC_WARN_ABOUT_RETURN_TYPE = YES_ERROR;
				GCC_WARN_UNDECLARED_SELECTOR = YES;
				GCC_WARN_UNINITIALIZED_AUTOS = YES_AGGRESSIVE;
				GCC_WARN_UNUSED_FUNCTION = YES;
				GCC_WARN_UNUSED_VARIABLE = YES;
				IPHONEOS_DEPLOYMENT_TARGET = 11.2;
				MTL_ENABLE_DEBUG_INFO = YES;
				ONLY_ACTIVE_ARCH = YES;
				SDKROOT = iphoneos;
				SWIFT_ACTIVE_COMPILATION_CONDITIONS = DEBUG;
				SWIFT_OPTIMIZATION_LEVEL = "-Onone";
			};
			name = Debug;
		};
		D67139DC2087C47000AAD735 /* Release */ = {
			isa = XCBuildConfiguration;
			buildSettings = {
				ALWAYS_SEARCH_USER_PATHS = NO;
				CLANG_ANALYZER_NONNULL = YES;
				CLANG_ANALYZER_NUMBER_OBJECT_CONVERSION = YES_AGGRESSIVE;
				CLANG_CXX_LANGUAGE_STANDARD = "gnu++14";
				CLANG_CXX_LIBRARY = "libc++";
				CLANG_ENABLE_MODULES = YES;
				CLANG_ENABLE_OBJC_ARC = YES;
				CLANG_WARN_BLOCK_CAPTURE_AUTORELEASING = YES;
				CLANG_WARN_BOOL_CONVERSION = YES;
				CLANG_WARN_COMMA = YES;
				CLANG_WARN_CONSTANT_CONVERSION = YES;
				CLANG_WARN_DIRECT_OBJC_ISA_USAGE = YES_ERROR;
				CLANG_WARN_DOCUMENTATION_COMMENTS = YES;
				CLANG_WARN_EMPTY_BODY = YES;
				CLANG_WARN_ENUM_CONVERSION = YES;
				CLANG_WARN_INFINITE_RECURSION = YES;
				CLANG_WARN_INT_CONVERSION = YES;
				CLANG_WARN_NON_LITERAL_NULL_CONVERSION = YES;
				CLANG_WARN_OBJC_LITERAL_CONVERSION = YES;
				CLANG_WARN_OBJC_ROOT_CLASS = YES_ERROR;
				CLANG_WARN_RANGE_LOOP_ANALYSIS = YES;
				CLANG_WARN_STRICT_PROTOTYPES = YES;
				CLANG_WARN_SUSPICIOUS_MOVE = YES;
				CLANG_WARN_UNGUARDED_AVAILABILITY = YES_AGGRESSIVE;
				CLANG_WARN_UNREACHABLE_CODE = YES;
				CLANG_WARN__DUPLICATE_METHOD_MATCH = YES;
				CODE_SIGN_IDENTITY = "iPhone Developer";
				COPY_PHASE_STRIP = NO;
				DEBUG_INFORMATION_FORMAT = "dwarf-with-dsym";
				ENABLE_NS_ASSERTIONS = NO;
				ENABLE_STRICT_OBJC_MSGSEND = YES;
				GCC_C_LANGUAGE_STANDARD = gnu11;
				GCC_NO_COMMON_BLOCKS = YES;
				GCC_WARN_64_TO_32_BIT_CONVERSION = YES;
				GCC_WARN_ABOUT_RETURN_TYPE = YES_ERROR;
				GCC_WARN_UNDECLARED_SELECTOR = YES;
				GCC_WARN_UNINITIALIZED_AUTOS = YES_AGGRESSIVE;
				GCC_WARN_UNUSED_FUNCTION = YES;
				GCC_WARN_UNUSED_VARIABLE = YES;
				IPHONEOS_DEPLOYMENT_TARGET = 11.2;
				MTL_ENABLE_DEBUG_INFO = NO;
				SDKROOT = iphoneos;
				SWIFT_OPTIMIZATION_LEVEL = "-Owholemodule";
				VALIDATE_PRODUCT = YES;
			};
			name = Release;
		};
		D67139DE2087C47000AAD735 /* Debug */ = {
			isa = XCBuildConfiguration;
			buildSettings = {
				ASSETCATALOG_COMPILER_APPICON_NAME = AppIcon;
				CODE_SIGN_STYLE = Automatic;
				DEVELOPMENT_TEAM = YQ39LZP7HR;
				INFOPLIST_FILE = Random/Info.plist;
				LD_RUNPATH_SEARCH_PATHS = "$(inherited) @executable_path/Frameworks";
				PRODUCT_BUNDLE_IDENTIFIER = com.hypevr.dev.test.Random;
				PRODUCT_NAME = "$(TARGET_NAME)";
				SWIFT_VERSION = 4.0;
				TARGETED_DEVICE_FAMILY = "1,2";
			};
			name = Debug;
		};
		D67139DF2087C47000AAD735 /* Release */ = {
			isa = XCBuildConfiguration;
			buildSettings = {
				ASSETCATALOG_COMPILER_APPICON_NAME = AppIcon;
				CODE_SIGN_STYLE = Automatic;
				DEVELOPMENT_TEAM = YQ39LZP7HR;
				INFOPLIST_FILE = Random/Info.plist;
				LD_RUNPATH_SEARCH_PATHS = "$(inherited) @executable_path/Frameworks";
				PRODUCT_BUNDLE_IDENTIFIER = com.hypevr.dev.test.Random;
				PRODUCT_NAME = "$(TARGET_NAME)";
				SWIFT_VERSION = 4.0;
				TARGETED_DEVICE_FAMILY = "1,2";
			};
			name = Release;
		};
		D67139E12087C47000AAD735 /* Debug */ = {
			isa = XCBuildConfiguration;
			buildSettings = {
				ALWAYS_EMBED_SWIFT_STANDARD_LIBRARIES = YES;
				BUNDLE_LOADER = "$(TEST_HOST)";
				CODE_SIGN_STYLE = Automatic;
				DEVELOPMENT_TEAM = YQ39LZP7HR;
				INFOPLIST_FILE = RandomTests/Info.plist;
				LD_RUNPATH_SEARCH_PATHS = "$(inherited) @executable_path/Frameworks @loader_path/Frameworks";
				PRODUCT_BUNDLE_IDENTIFIER = com.hypevr.dev.test.RandomTests;
				PRODUCT_NAME = "$(TARGET_NAME)";
				SWIFT_VERSION = 4.0;
				TARGETED_DEVICE_FAMILY = "1,2";
				TEST_HOST = "$(BUILT_PRODUCTS_DIR)/Random.app/Random";
			};
			name = Debug;
		};
		D67139E22087C47000AAD735 /* Release */ = {
			isa = XCBuildConfiguration;
			buildSettings = {
				ALWAYS_EMBED_SWIFT_STANDARD_LIBRARIES = YES;
				BUNDLE_LOADER = "$(TEST_HOST)";
				CODE_SIGN_STYLE = Automatic;
				DEVELOPMENT_TEAM = YQ39LZP7HR;
				INFOPLIST_FILE = RandomTests/Info.plist;
				LD_RUNPATH_SEARCH_PATHS = "$(inherited) @executable_path/Frameworks @loader_path/Frameworks";
				PRODUCT_BUNDLE_IDENTIFIER = com.hypevr.dev.test.RandomTests;
				PRODUCT_NAME = "$(TARGET_NAME)";
				SWIFT_VERSION = 4.0;
				TARGETED_DEVICE_FAMILY = "1,2";
				TEST_HOST = "$(BUILT_PRODUCTS_DIR)/Random.app/Random";
			};
			name = Release;
		};
/* End XCBuildConfiguration section */

/* Begin XCConfigurationList section */
		D67139BB2087C47000AAD735 /* Build configuration list for PBXProject "Random" */ = {
			isa = XCConfigurationList;
			buildConfigurations = (
				D67139DB2087C47000AAD735 /* Debug */,
				D67139DC2087C47000AAD735 /* Release */,
			);
			defaultConfigurationIsVisible = 0;
			defaultConfigurationName = Release;
		};
		D67139DD2087C47000AAD735 /* Build configuration list for PBXNativeTarget "Random" */ = {
			isa = XCConfigurationList;
			buildConfigurations = (
				D67139DE2087C47000AAD735 /* Debug */,
				D67139DF2087C47000AAD735 /* Release */,
			);
			defaultConfigurationIsVisible = 0;
			defaultConfigurationName = Release;
		};
		D67139E02087C47000AAD735 /* Build configuration list for PBXNativeTarget "RandomTests" */ = {
			isa = XCConfigurationList;
			buildConfigurations = (
				D67139E12087C47000AAD735 /* Debug */,
				D67139E22087C47000AAD735 /* Release */,
			);
			defaultConfigurationIsVisible = 0;
			defaultConfigurationName = Release;
		};
/* End XCConfigurationList section */
	};
	rootObject = D67139B82087C47000AAD735 /* Project object */;
}
